
Microsoft Visual Studio Solution File, Format Version 12.00
# Visual Studio 15
VisualStudioVersion = 15.0.28010.2048
MinimumVisualStudioVersion = 10.0.40219.1
Project("{8BC9CEB8-8B4A-11D0-8D11-00A0C91BC942}") = "P13", "P13\P13.vcxproj", "{A6A07578-CF04-4B48-A5A0-E8444BCF6EEA}"
EndProject
Global
	GlobalSection(SolutionConfigurationPlatforms) = preSolution
		Debug|x64 = Debug|x64
		Debug|x86 = Debug|x86
		Release|x64 = Release|x64
		Release|x86 = Release|x86
	EndGlobalSection
	GlobalSection(ProjectConfigurationPlatforms) = postSolution
		{A6A07578-CF04-4B48-A5A0-E8444BCF6EEA}.Debug|x64.ActiveCfg = Debug|x64
		{A6A07578-CF04-4B48-A5A0-E8444BCF6EEA}.Debug|x64.Build.0 = Debug|x64
		{A6A07578-CF04-4B48-A5A0-E8444BCF6EEA}.Debug|x86.ActiveCfg = Debug|Win32
		{A6A07578-CF04-4B48-A5A0-E8444BCF6EEA}.Debug|x86.Build.0 = Debug|Win32
		{A6A07578-CF04-4B48-A5A0-E8444BCF6EEA}.Release|x64.ActiveCfg = Release|x64
		{A6A07578-CF04-4B48-A5A0-E8444BCF6EEA}.Release|x64.Build.0 = Release|x64
		{A6A07578-CF04-4B48-A5A0-E8444BCF6EEA}.Release|x86.ActiveCfg = Release|Win32
		{A6A07578-CF04-4B48-A5A0-E8444BCF6EEA}.Release|x86.Build.0 = Release|Win32
	EndGlobalSection
	GlobalSection(SolutionProperties) = preSolution
		HideSolutionNode = FALSE
	EndGlobalSection
	GlobalSection(ExtensibilityGlobals) = postSolution
		SolutionGuid = {9364B7A8-55CA-41B9-870D-983EFAA1607E}
	EndGlobalSection
EndGlobal
